
Microsoft Visual Studio Solution File, Format Version 12.00
# Visual Studio Version 16
VisualStudioVersion = 16.0.30309.148
MinimumVisualStudioVersion = 10.0.40219.1
Project("{FAE04EC0-301F-11D3-BF4B-00C04F79EFBC}") = "BookListRazor", "BookListRazor\BookListRazor.csproj", "{3F869389-62FD-4CCE-9993-DAE96F1078A1}"
EndProject
Global
	GlobalSection(SolutionConfigurationPlatforms) = preSolution
		Debug|Any CPU = Debug|Any CPU
		Release|Any CPU = Release|Any CPU
	EndGlobalSection
	GlobalSection(ProjectConfigurationPlatforms) = postSolution
		{3F869389-62FD-4CCE-9993-DAE96F1078A1}.Debug|Any CPU.ActiveCfg = Debug|Any CPU
		{3F869389-62FD-4CCE-9993-DAE96F1078A1}.Debug|Any CPU.Build.0 = Debug|Any CPU
		{3F869389-62FD-4CCE-9993-DAE96F1078A1}.Release|Any CPU.ActiveCfg = Release|Any CPU
		{3F869389-62FD-4CCE-9993-DAE96F1078A1}.Release|Any CPU.Build.0 = Release|Any CPU
	EndGlobalSection
	GlobalSection(SolutionProperties) = preSolution
		HideSolutionNode = FALSE
	EndGlobalSection
	GlobalSection(ExtensibilityGlobals) = postSolution
		SolutionGuid = {DC894961-6567-4368-9010-B187EFCD0DB9}
	EndGlobalSection
EndGlobal
